
Microsoft Visual Studio Solution File, Format Version 12.00
# Visual Studio Version 16
VisualStudioVersion = 16.0.30804.86
MinimumVisualStudioVersion = 10.0.40219.1
Project("{FAE04EC0-301F-11D3-BF4B-00C04F79EFBC}") = "XamarinLife.UWP", "XamarinLife.UWP\XamarinLife.UWP.csproj", "{FFBED7DF-F195-41B2-9FA4-142C753DB144}"
EndProject
Project("{FAE04EC0-301F-11D3-BF4B-00C04F79EFBC}") = "XamarinLife.Android", "XamarinLife.Android\XamarinLife.Android.csproj", "{63188FB4-093C-4237-A048-EB1FEB00536F}"
EndProject
Project("{FAE04EC0-301F-11D3-BF4B-00C04F79EFBC}") = "XamarinLife.iOS", "XamarinLife.iOS\XamarinLife.iOS.csproj", "{5B64364E-7FEA-4EBB-8CC6-2AD1D3728C59}"
EndProject
Project("{FAE04EC0-301F-11D3-BF4B-00C04F79EFBC}") = "XamarinLife", "XamarinLife\XamarinLife.csproj", "{10367B62-E9CA-45D6-B526-875D7022D270}"
EndProject
Project("{FAE04EC0-301F-11D3-BF4B-00C04F79EFBC}") = "XamarinLife.Engine", "XamarinLife.Engine\XamarinLife.Engine.csproj", "{B38D3086-3436-4FCC-AA7A-81D8CC62D638}"
EndProject
Project("{FAE04EC0-301F-11D3-BF4B-00C04F79EFBC}") = "XamarinLife.Engine.Tests", "XamarinLife.Engine.Tests\XamarinLife.Engine.Tests.csproj", "{309C7C4F-B448-4CF9-B4EC-4F67029DAAED}"
EndProject
Project("{2150E333-8FDC-42A3-9474-1A3956D46DE8}") = "Solution Items", "Solution Items", "{6223456A-4BD7-484C-9F06-61FC827CB0EC}"
	ProjectSection(SolutionItems) = preProject
		.editorconfig = .editorconfig
	EndProjectSection
EndProject
Global
	GlobalSection(SolutionConfigurationPlatforms) = preSolution
		Debug|Any CPU = Debug|Any CPU
		Debug|ARM = Debug|ARM
		Debug|iPhone = Debug|iPhone
		Debug|iPhoneSimulator = Debug|iPhoneSimulator
		Debug|x64 = Debug|x64
		Debug|x86 = Debug|x86
		Release|Any CPU = Release|Any CPU
		Release|ARM = Release|ARM
		Release|iPhone = Release|iPhone
		Release|iPhoneSimulator = Release|iPhoneSimulator
		Release|x64 = Release|x64
		Release|x86 = Release|x86
	EndGlobalSection
	GlobalSection(ProjectConfigurationPlatforms) = postSolution
		{FFBED7DF-F195-41B2-9FA4-142C753DB144}.Debug|Any CPU.ActiveCfg = Debug|x86
		{FFBED7DF-F195-41B2-9FA4-142C753DB144}.Debug|Any CPU.Build.0 = Debug|x86
		{FFBED7DF-F195-41B2-9FA4-142C753DB144}.Debug|Any CPU.Deploy.0 = Debug|x86
		{FFBED7DF-F195-41B2-9FA4-142C753DB144}.Debug|ARM.ActiveCfg = Debug|ARM
		{FFBED7DF-F195-41B2-9FA4-142C753DB144}.Debug|ARM.Build.0 = Debug|ARM
		{FFBED7DF-F195-41B2-9FA4-142C753DB144}.Debug|ARM.Deploy.0 = Debug|ARM
		{FFBED7DF-F195-41B2-9FA4-142C753DB144}.Debug|iPhone.ActiveCfg = Debug|x86
		{FFBED7DF-F195-41B2-9FA4-142C753DB144}.Debug|iPhone.Build.0 = Debug|x86
		{FFBED7DF-F195-41B2-9FA4-142C753DB144}.Debug|iPhone.Deploy.0 = Debug|x86
		{FFBED7DF-F195-41B2-9FA4-142C753DB144}.Debug|iPhoneSimulator.ActiveCfg = Debug|x86
		{FFBED7DF-F195-41B2-9FA4-142C753DB144}.Debug|iPhoneSimulator.Build.0 = Debug|x86
		{FFBED7DF-F195-41B2-9FA4-142C753DB144}.Debug|iPhoneSimulator.Deploy.0 = Debug|x86
		{FFBED7DF-F195-41B2-9FA4-142C753DB144}.Debug|x64.ActiveCfg = Debug|x64
		{FFBED7DF-F195-41B2-9FA4-142C753DB144}.Debug|x64.Build.0 = Debug|x64
		{FFBED7DF-F195-41B2-9FA4-142C753DB144}.Debug|x64.Deploy.0 = Debug|x64
		{FFBED7DF-F195-41B2-9FA4-142C753DB144}.Debug|x86.ActiveCfg = Debug|x86
		{FFBED7DF-F195-41B2-9FA4-142C753DB144}.Debug|x86.Build.0 = Debug|x86
		{FFBED7DF-F195-41B2-9FA4-142C753DB144}.Debug|x86.Deploy.0 = Debug|x86
		{FFBED7DF-F195-41B2-9FA4-142C753DB144}.Release|Any CPU.ActiveCfg = Release|x86
		{FFBED7DF-F195-41B2-9FA4-142C753DB144}.Release|Any CPU.Build.0 = Release|x86
		{FFBED7DF-F195-41B2-9FA4-142C753DB144}.Release|Any CPU.Deploy.0 = Release|x86
		{FFBED7DF-F195-41B2-9FA4-142C753DB144}.Release|ARM.ActiveCfg = Release|ARM
		{FFBED7DF-F195-41B2-9FA4-142C753DB144}.Release|ARM.Build.0 = Release|ARM
		{FFBED7DF-F195-41B2-9FA4-142C753DB144}.Release|ARM.Deploy.0 = Release|ARM
		{FFBED7DF-F195-41B2-9FA4-142C753DB144}.Release|iPhone.ActiveCfg = Release|x86
		{FFBED7DF-F195-41B2-9FA4-142C753DB144}.Release|iPhone.Build.0 = Release|x86
		{FFBED7DF-F195-41B2-9FA4-142C753DB144}.Release|iPhone.Deploy.0 = Release|x86
		{FFBED7DF-F195-41B2-9FA4-142C753DB144}.Release|iPhoneSimulator.ActiveCfg = Release|x86
		{FFBED7DF-F195-41B2-9FA4-142C753DB144}.Release|iPhoneSimulator.Build.0 = Release|x86
		{FFBED7DF-F195-41B2-9FA4-142C753DB144}.Release|iPhoneSimulator.Deploy.0 = Release|x86
		{FFBED7DF-F195-41B2-9FA4-142C753DB144}.Release|x64.ActiveCfg = Release|x64
		{FFBED7DF-F195-41B2-9FA4-142C753DB144}.Release|x64.Build.0 = Release|x64
		{FFBED7DF-F195-41B2-9FA4-142C753DB144}.Release|x64.Deploy.0 = Release|x64
		{FFBED7DF-F195-41B2-9FA4-142C753DB144}.Release|x86.ActiveCfg = Release|x86
		{FFBED7DF-F195-41B2-9FA4-142C753DB144}.Release|x86.Build.0 = Release|x86
		{FFBED7DF-F195-41B2-9FA4-142C753DB144}.Release|x86.Deploy.0 = Release|x86
		{63188FB4-093C-4237-A048-EB1FEB00536F}.Debug|Any CPU.ActiveCfg = Debug|Any CPU
		{63188FB4-093C-4237-A048-EB1FEB00536F}.Debug|Any CPU.Build.0 = Debug|Any CPU
		{63188FB4-093C-4237-A048-EB1FEB00536F}.Debug|Any CPU.Deploy.0 = Debug|Any CPU
		{63188FB4-093C-4237-A048-EB1FEB00536F}.Debug|ARM.ActiveCfg = Debug|Any CPU
		{63188FB4-093C-4237-A048-EB1FEB00536F}.Debug|ARM.Build.0 = Debug|Any CPU
		{63188FB4-093C-4237-A048-EB1FEB00536F}.Debug|ARM.Deploy.0 = Debug|Any CPU
		{63188FB4-093C-4237-A048-EB1FEB00536F}.Debug|iPhone.ActiveCfg = Debug|Any CPU
		{63188FB4-093C-4237-A048-EB1FEB00536F}.Debug|iPhone.Build.0 = Debug|Any CPU
		{63188FB4-093C-4237-A048-EB1FEB00536F}.Debug|iPhone.Deploy.0 = Debug|Any CPU
		{63188FB4-093C-4237-A048-EB1FEB00536F}.Debug|iPhoneSimulator.ActiveCfg = Debug|Any CPU
		{63188FB4-093C-4237-A048-EB1FEB00536F}.Debug|iPhoneSimulator.Build.0 = Debug|Any CPU
		{63188FB4-093C-4237-A048-EB1FEB00536F}.Debug|iPhoneSimulator.Deploy.0 = Debug|Any CPU
		{63188FB4-093C-4237-A048-EB1FEB00536F}.Debug|x64.ActiveCfg = Debug|Any CPU
		{63188FB4-093C-4237-A048-EB1FEB00536F}.Debug|x64.Build.0 = Debug|Any CPU
		{63188FB4-093C-4237-A048-EB1FEB00536F}.Debug|x64.Deploy.0 = Debug|Any CPU
		{63188FB4-093C-4237-A048-EB1FEB00536F}.Debug|x86.ActiveCfg = Debug|Any CPU
		{63188FB4-093C-4237-A048-EB1FEB00536F}.Debug|x86.Build.0 = Debug|Any CPU
		{63188FB4-093C-4237-A048-EB1FEB00536F}.Debug|x86.Deploy.0 = Debug|Any CPU
		{63188FB4-093C-4237-A048-EB1FEB00536F}.Release|Any CPU.ActiveCfg = Release|Any CPU
		{63188FB4-093C-4237-A048-EB1FEB00536F}.Release|Any CPU.Build.0 = Release|Any CPU
		{63188FB4-093C-4237-A048-EB1FEB00536F}.Release|Any CPU.Deploy.0 = Release|Any CPU
		{63188FB4-093C-4237-A048-EB1FEB00536F}.Release|ARM.ActiveCfg = Release|Any CPU
		{63188FB4-093C-4237-A048-EB1FEB00536F}.Release|ARM.Build.0 = Release|Any CPU
		{63188FB4-093C-4237-A048-EB1FEB00536F}.Release|ARM.Deploy.0 = Release|Any CPU
		{63188FB4-093C-4237-A048-EB1FEB00536F}.Release|iPhone.ActiveCfg = Release|Any CPU
		{63188FB4-093C-4237-A048-EB1FEB00536F}.Release|iPhone.Build.0 = Release|Any CPU
		{63188FB4-093C-4237-A048-EB1FEB00536F}.Release|iPhone.Deploy.0 = Release|Any CPU
		{63188FB4-093C-4237-A048-EB1FEB00536F}.Release|iPhoneSimulator.ActiveCfg = Release|Any CPU
		{63188FB4-093C-4237-A048-EB1FEB00536F}.Release|iPhoneSimulator.Build.0 = Release|Any CPU
		{63188FB4-093C-4237-A048-EB1FEB00536F}.Release|iPhoneSimulator.Deploy.0 = Release|Any CPU
		{63188FB4-093C-4237-A048-EB1FEB00536F}.Release|x64.ActiveCfg = Release|Any CPU
		{63188FB4-093C-4237-A048-EB1FEB00536F}.Release|x64.Build.0 = Release|Any CPU
		{63188FB4-093C-4237-A048-EB1FEB00536F}.Release|x64.Deploy.0 = Release|Any CPU
		{63188FB4-093C-4237-A048-EB1FEB00536F}.Release|x86.ActiveCfg = Release|Any CPU
		{63188FB4-093C-4237-A048-EB1FEB00536F}.Release|x86.Build.0 = Release|Any CPU
		{63188FB4-093C-4237-A048-EB1FEB00536F}.Release|x86.Deploy.0 = Release|Any CPU
		{5B64364E-7FEA-4EBB-8CC6-2AD1D3728C59}.Debug|Any CPU.ActiveCfg = Debug|iPhoneSimulator
		{5B64364E-7FEA-4EBB-8CC6-2AD1D3728C59}.Debug|Any CPU.Build.0 = Debug|iPhoneSimulator
		{5B64364E-7FEA-4EBB-8CC6-2AD1D3728C59}.Debug|Any CPU.Deploy.0 = Debug|iPhoneSimulator
		{5B64364E-7FEA-4EBB-8CC6-2AD1D3728C59}.Debug|ARM.ActiveCfg = Debug|iPhone
		{5B64364E-7FEA-4EBB-8CC6-2AD1D3728C59}.Debug|ARM.Build.0 = Debug|iPhone
		{5B64364E-7FEA-4EBB-8CC6-2AD1D3728C59}.Debug|ARM.Deploy.0 = Debug|iPhone
		{5B64364E-7FEA-4EBB-8CC6-2AD1D3728C59}.Debug|iPhone.ActiveCfg = Debug|iPhone
		{5B64364E-7FEA-4EBB-8CC6-2AD1D3728C59}.Debug|iPhone.Build.0 = Debug|iPhone
		{5B64364E-7FEA-4EBB-8CC6-2AD1D3728C59}.Debug|iPhone.Deploy.0 = Debug|iPhone
		{5B64364E-7FEA-4EBB-8CC6-2AD1D3728C59}.Debug|iPhoneSimulator.ActiveCfg = Debug|iPhoneSimulator
		{5B64364E-7FEA-4EBB-8CC6-2AD1D3728C59}.Debug|iPhoneSimulator.Build.0 = Debug|iPhoneSimulator
		{5B64364E-7FEA-4EBB-8CC6-2AD1D3728C59}.Debug|iPhoneSimulator.Deploy.0 = Debug|iPhoneSimulator
		{5B64364E-7FEA-4EBB-8CC6-2AD1D3728C59}.Debug|x64.ActiveCfg = Debug|iPhoneSimulator
		{5B64364E-7FEA-4EBB-8CC6-2AD1D3728C59}.Debug|x64.Build.0 = Debug|iPhoneSimulator
		{5B64364E-7FEA-4EBB-8CC6-2AD1D3728C59}.Debug|x64.Deploy.0 = Debug|iPhoneSimulator
		{5B64364E-7FEA-4EBB-8CC6-2AD1D3728C59}.Debug|x86.ActiveCfg = Debug|iPhoneSimulator
		{5B64364E-7FEA-4EBB-8CC6-2AD1D3728C59}.Debug|x86.Build.0 = Debug|iPhoneSimulator
		{5B64364E-7FEA-4EBB-8CC6-2AD1D3728C59}.Debug|x86.Deploy.0 = Debug|iPhoneSimulator
		{5B64364E-7FEA-4EBB-8CC6-2AD1D3728C59}.Release|Any CPU.ActiveCfg = Release|iPhoneSimulator
		{5B64364E-7FEA-4EBB-8CC6-2AD1D3728C59}.Release|Any CPU.Build.0 = Release|iPhoneSimulator
		{5B64364E-7FEA-4EBB-8CC6-2AD1D3728C59}.Release|Any CPU.Deploy.0 = Release|iPhoneSimulator
		{5B64364E-7FEA-4EBB-8CC6-2AD1D3728C59}.Release|ARM.ActiveCfg = Release|iPhoneSimulator
		{5B64364E-7FEA-4EBB-8CC6-2AD1D3728C59}.Release|ARM.Build.0 = Release|iPhoneSimulator
		{5B64364E-7FEA-4EBB-8CC6-2AD1D3728C59}.Release|ARM.Deploy.0 = Release|iPhoneSimulator
		{5B64364E-7FEA-4EBB-8CC6-2AD1D3728C59}.Release|iPhone.ActiveCfg = Release|iPhone
		{5B64364E-7FEA-4EBB-8CC6-2AD1D3728C59}.Release|iPhone.Build.0 = Release|iPhone
		{5B64364E-7FEA-4EBB-8CC6-2AD1D3728C59}.Release|iPhone.Deploy.0 = Release|iPhone
		{5B64364E-7FEA-4EBB-8CC6-2AD1D3728C59}.Release|iPhoneSimulator.ActiveCfg = Release|iPhoneSimulator
		{5B64364E-7FEA-4EBB-8CC6-2AD1D3728C59}.Release|iPhoneSimulator.Build.0 = Release|iPhoneSimulator
		{5B64364E-7FEA-4EBB-8CC6-2AD1D3728C59}.Release|iPhoneSimulator.Deploy.0 = Release|iPhoneSimulator
		{5B64364E-7FEA-4EBB-8CC6-2AD1D3728C59}.Release|x64.ActiveCfg = Release|iPhoneSimulator
		{5B64364E-7FEA-4EBB-8CC6-2AD1D3728C59}.Release|x64.Build.0 = Release|iPhoneSimulator
		{5B64364E-7FEA-4EBB-8CC6-2AD1D3728C59}.Release|x64.Deploy.0 = Release|iPhoneSimulator
		{5B64364E-7FEA-4EBB-8CC6-2AD1D3728C59}.Release|x86.ActiveCfg = Release|iPhoneSimulator
		{5B64364E-7FEA-4EBB-8CC6-2AD1D3728C59}.Release|x86.Build.0 = Release|iPhoneSimulator
		{5B64364E-7FEA-4EBB-8CC6-2AD1D3728C59}.Release|x86.Deploy.0 = Release|iPhoneSimulator
		{10367B62-E9CA-45D6-B526-875D7022D270}.Debug|Any CPU.ActiveCfg = Debug|Any CPU
		{10367B62-E9CA-45D6-B526-875D7022D270}.Debug|Any CPU.Build.0 = Debug|Any CPU
		{10367B62-E9CA-45D6-B526-875D7022D270}.Debug|Any CPU.Deploy.0 = Debug|Any CPU
		{10367B62-E9CA-45D6-B526-875D7022D270}.Debug|ARM.ActiveCfg = Debug|Any CPU
		{10367B62-E9CA-45D6-B526-875D7022D270}.Debug|ARM.Build.0 = Debug|Any CPU
		{10367B62-E9CA-45D6-B526-875D7022D270}.Debug|ARM.Deploy.0 = Debug|Any CPU
		{10367B62-E9CA-45D6-B526-875D7022D270}.Debug|iPhone.ActiveCfg = Debug|Any CPU
		{10367B62-E9CA-45D6-B526-875D7022D270}.Debug|iPhone.Build.0 = Debug|Any CPU
		{10367B62-E9CA-45D6-B526-875D7022D270}.Debug|iPhone.Deploy.0 = Debug|Any CPU
		{10367B62-E9CA-45D6-B526-875D7022D270}.Debug|iPhoneSimulator.ActiveCfg = Debug|Any CPU
		{10367B62-E9CA-45D6-B526-875D7022D270}.Debug|iPhoneSimulator.Build.0 = Debug|Any CPU
		{10367B62-E9CA-45D6-B526-875D7022D270}.Debug|iPhoneSimulator.Deploy.0 = Debug|Any CPU
		{10367B62-E9CA-45D6-B526-875D7022D270}.Debug|x64.ActiveCfg = Debug|Any CPU
		{10367B62-E9CA-45D6-B526-875D7022D270}.Debug|x64.Build.0 = Debug|Any CPU
		{10367B62-E9CA-45D6-B526-875D7022D270}.Debug|x64.Deploy.0 = Debug|Any CPU
		{10367B62-E9CA-45D6-B526-875D7022D270}.Debug|x86.ActiveCfg = Debug|Any CPU
		{10367B62-E9CA-45D6-B526-875D7022D270}.Debug|x86.Build.0 = Debug|Any CPU
		{10367B62-E9CA-45D6-B526-875D7022D270}.Debug|x86.Deploy.0 = Debug|Any CPU
		{10367B62-E9CA-45D6-B526-875D7022D270}.Release|Any CPU.ActiveCfg = Release|Any CPU
		{10367B62-E9CA-45D6-B526-875D7022D270}.Release|Any CPU.Build.0 = Release|Any CPU
		{10367B62-E9CA-45D6-B526-875D7022D270}.Release|Any CPU.Deploy.0 = Release|Any CPU
		{10367B62-E9CA-45D6-B526-875D7022D270}.Release|ARM.ActiveCfg = Release|Any CPU
		{10367B62-E9CA-45D6-B526-875D7022D270}.Release|ARM.Build.0 = Release|Any CPU
		{10367B62-E9CA-45D6-B526-875D7022D270}.Release|ARM.Deploy.0 = Release|Any CPU
		{10367B62-E9CA-45D6-B526-875D7022D270}.Release|iPhone.ActiveCfg = Release|Any CPU
		{10367B62-E9CA-45D6-B526-875D7022D270}.Release|iPhone.Build.0 = Release|Any CPU
		{10367B62-E9CA-45D6-B526-875D7022D270}.Release|iPhone.Deploy.0 = Release|Any CPU
		{10367B62-E9CA-45D6-B526-875D7022D270}.Release|iPhoneSimulator.ActiveCfg = Release|Any CPU
		{10367B62-E9CA-45D6-B526-875D7022D270}.Release|iPhoneSimulator.Build.0 = Release|Any CPU
		{10367B62-E9CA-45D6-B526-875D7022D270}.Release|iPhoneSimulator.Deploy.0 = Release|Any CPU
		{10367B62-E9CA-45D6-B526-875D7022D270}.Release|x64.ActiveCfg = Release|Any CPU
		{10367B62-E9CA-45D6-B526-875D7022D270}.Release|x64.Build.0 = Release|Any CPU
		{10367B62-E9CA-45D6-B526-875D7022D270}.Release|x64.Deploy.0 = Release|Any CPU
		{10367B62-E9CA-45D6-B526-875D7022D270}.Release|x86.ActiveCfg = Release|Any CPU
		{10367B62-E9CA-45D6-B526-875D7022D270}.Release|x86.Build.0 = Release|Any CPU
		{10367B62-E9CA-45D6-B526-875D7022D270}.Release|x86.Deploy.0 = Release|Any CPU
		{B38D3086-3436-4FCC-AA7A-81D8CC62D638}.Debug|Any CPU.ActiveCfg = Debug|Any CPU
		{B38D3086-3436-4FCC-AA7A-81D8CC62D638}.Debug|Any CPU.Build.0 = Debug|Any CPU
		{B38D3086-3436-4FCC-AA7A-81D8CC62D638}.Debug|ARM.ActiveCfg = Debug|Any CPU
		{B38D3086-3436-4FCC-AA7A-81D8CC62D638}.Debug|ARM.Build.0 = Debug|Any CPU
		{B38D3086-3436-4FCC-AA7A-81D8CC62D638}.Debug|iPhone.ActiveCfg = Debug|Any CPU
		{B38D3086-3436-4FCC-AA7A-81D8CC62D638}.Debug|iPhone.Build.0 = Debug|Any CPU
		{B38D3086-3436-4FCC-AA7A-81D8CC62D638}.Debug|iPhoneSimulator.ActiveCfg = Debug|Any CPU
		{B38D3086-3436-4FCC-AA7A-81D8CC62D638}.Debug|iPhoneSimulator.Build.0 = Debug|Any CPU
		{B38D3086-3436-4FCC-AA7A-81D8CC62D638}.Debug|x64.ActiveCfg = Debug|Any CPU
		{B38D3086-3436-4FCC-AA7A-81D8CC62D638}.Debug|x64.Build.0 = Debug|Any CPU
		{B38D3086-3436-4FCC-AA7A-81D8CC62D638}.Debug|x86.ActiveCfg = Debug|Any CPU
		{B38D3086-3436-4FCC-AA7A-81D8CC62D638}.Debug|x86.Build.0 = Debug|Any CPU
		{B38D3086-3436-4FCC-AA7A-81D8CC62D638}.Release|Any CPU.ActiveCfg = Release|Any CPU
		{B38D3086-3436-4FCC-AA7A-81D8CC62D638}.Release|Any CPU.Build.0 = Release|Any CPU
		{B38D3086-3436-4FCC-AA7A-81D8CC62D638}.Release|ARM.ActiveCfg = Release|Any CPU
		{B38D3086-3436-4FCC-AA7A-81D8CC62D638}.Release|ARM.Build.0 = Release|Any CPU
		{B38D3086-3436-4FCC-AA7A-81D8CC62D638}.Release|iPhone.ActiveCfg = Release|Any CPU
		{B38D3086-3436-4FCC-AA7A-81D8CC62D638}.Release|iPhone.Build.0 = Release|Any CPU
		{B38D3086-3436-4FCC-AA7A-81D8CC62D638}.Release|iPhoneSimulator.ActiveCfg = Release|Any CPU
		{B38D3086-3436-4FCC-AA7A-81D8CC62D638}.Release|iPhoneSimulator.Build.0 = Release|Any CPU
		{B38D3086-3436-4FCC-AA7A-81D8CC62D638}.Release|x64.ActiveCfg = Release|Any CPU
		{B38D3086-3436-4FCC-AA7A-81D8CC62D638}.Release|x64.Build.0 = Release|Any CPU
		{B38D3086-3436-4FCC-AA7A-81D8CC62D638}.Release|x86.ActiveCfg = Release|Any CPU
		{B38D3086-3436-4FCC-AA7A-81D8CC62D638}.Release|x86.Build.0 = Release|Any CPU
		{309C7C4F-B448-4CF9-B4EC-4F67029DAAED}.Debug|Any CPU.ActiveCfg = Debug|Any CPU
		{309C7C4F-B448-4CF9-B4EC-4F67029DAAED}.Debug|Any CPU.Build.0 = Debug|Any CPU
		{309C7C4F-B448-4CF9-B4EC-4F67029DAAED}.Debug|ARM.ActiveCfg = Debug|Any CPU
		{309C7C4F-B448-4CF9-B4EC-4F67029DAAED}.Debug|ARM.Build.0 = Debug|Any CPU
		{309C7C4F-B448-4CF9-B4EC-4F67029DAAED}.Debug|iPhone.ActiveCfg = Debug|Any CPU
		{309C7C4F-B448-4CF9-B4EC-4F67029DAAED}.Debug|iPhone.Build.0 = Debug|Any CPU
		{309C7C4F-B448-4CF9-B4EC-4F67029DAAED}.Debug|iPhoneSimulator.ActiveCfg = Debug|Any CPU
		{309C7C4F-B448-4CF9-B4EC-4F67029DAAED}.Debug|iPhoneSimulator.Build.0 = Debug|Any CPU
		{309C7C4F-B448-4CF9-B4EC-4F67029DAAED}.Debug|x64.ActiveCfg = Debug|Any CPU
		{309C7C4F-B448-4CF9-B4EC-4F67029DAAED}.Debug|x64.Build.0 = Debug|Any CPU
		{309C7C4F-B448-4CF9-B4EC-4F67029DAAED}.Debug|x86.ActiveCfg = Debug|Any CPU
		{309C7C4F-B448-4CF9-B4EC-4F67029DAAED}.Debug|x86.Build.0 = Debug|Any CPU
		{309C7C4F-B448-4CF9-B4EC-4F67029DAAED}.Release|Any CPU.ActiveCfg = Release|Any CPU
		{309C7C4F-B448-4CF9-B4EC-4F67029DAAED}.Release|Any CPU.Build.0 = Release|Any CPU
		{309C7C4F-B448-4CF9-B4EC-4F67029DAAED}.Release|ARM.ActiveCfg = Release|Any CPU
		{309C7C4F-B448-4CF9-B4EC-4F67029DAAED}.Release|ARM.Build.0 = Release|Any CPU
		{309C7C4F-B448-4CF9-B4EC-4F67029DAAED}.Release|iPhone.ActiveCfg = Release|Any CPU
		{309C7C4F-B448-4CF9-B4EC-4F67029DAAED}.Release|iPhone.Build.0 = Release|Any CPU
		{309C7C4F-B448-4CF9-B4EC-4F67029DAAED}.Release|iPhoneSimulator.ActiveCfg = Release|Any CPU
		{309C7C4F-B448-4CF9-B4EC-4F67029DAAED}.Release|iPhoneSimulator.Build.0 = Release|Any CPU
		{309C7C4F-B448-4CF9-B4EC-4F67029DAAED}.Release|x64.ActiveCfg = Release|Any CPU
		{309C7C4F-B448-4CF9-B4EC-4F67029DAAED}.Release|x64.Build.0 = Release|Any CPU
		{309C7C4F-B448-4CF9-B4EC-4F67029DAAED}.Release|x86.ActiveCfg = Release|Any CPU
		{309C7C4F-B448-4CF9-B4EC-4F67029DAAED}.Release|x86.Build.0 = Release|Any CPU
	EndGlobalSection
	GlobalSection(SolutionProperties) = preSolution
		HideSolutionNode = FALSE
	EndGlobalSection
	GlobalSection(ExtensibilityGlobals) = postSolution
		SolutionGuid = {02879358-08D7-4DE7-8105-DB8837E0384E}
	EndGlobalSection
EndGlobal
